
Microsoft Visual Studio Solution File, Format Version 12.00
# Visual Studio Version 16
VisualStudioVersion = 16.0.30907.101
MinimumVisualStudioVersion = 10.0.40219.1
Project("{FAE04EC0-301F-11D3-BF4B-00C04F79EFBC}") = "ServerConfigMtk-P2-20190140111", "ServerConfigMtk-P2-20190140111\ServerConfigMtk-P2-20190140111.csproj", "{473F4705-0DA8-48CB-8FEC-C13814E43F0D}"
EndProject
Global
	GlobalSection(SolutionConfigurationPlatforms) = preSolution
		Debug|Any CPU = Debug|Any CPU
		Release|Any CPU = Release|Any CPU
	EndGlobalSection
	GlobalSection(ProjectConfigurationPlatforms) = postSolution
		{473F4705-0DA8-48CB-8FEC-C13814E43F0D}.Debug|Any CPU.ActiveCfg = Debug|Any CPU
		{473F4705-0DA8-48CB-8FEC-C13814E43F0D}.Debug|Any CPU.Build.0 = Debug|Any CPU
		{473F4705-0DA8-48CB-8FEC-C13814E43F0D}.Release|Any CPU.ActiveCfg = Release|Any CPU
		{473F4705-0DA8-48CB-8FEC-C13814E43F0D}.Release|Any CPU.Build.0 = Release|Any CPU
	EndGlobalSection
	GlobalSection(SolutionProperties) = preSolution
		HideSolutionNode = FALSE
	EndGlobalSection
	GlobalSection(ExtensibilityGlobals) = postSolution
		SolutionGuid = {FE1907E3-EC0E-4875-BE5B-EEFE2220C715}
	EndGlobalSection
EndGlobal
